{
  "name": "Task-2",
  "lockfileVersion": 3,
  "requires": true,
  "packages": {
    "": {
      "devDependencies": {
        "typescript": "^5.6.0-dev.20240729"
      }
    },
    "node_modules/typescript": {
      "version": "5.6.0-dev.20240729",
      "resolved": "https://registry.npmjs.org/typescript/-/typescript-5.6.0-dev.20240729.tgz",
      "integrity": "sha512-gkoeeiVub1uQcqWMcSlQWFJnbDkF1Hm316iUdGatuIo7O8q0Vis7zM1G3orXxjmoxJSWjuq0ENPM8GdYJAVikQ==",
      "dev": true,
      "bin": {
        "tsc": "bin/tsc",
        "tsserver": "bin/tsserver"
      },
      "engines": {
        "node": ">=14.17"
      }
    }
  }
}
